schema: '2.0'
stages:
  prepare:
    cmd: python prepare.py
    deps:
    - path: data/raw.csv
      md5: 06c150d910fd970fffa809f69b9237b2
      size: 23
    outs:
    - path: data/prepared.csv
      md5: 0614507a4754b2bf5e0058bae1febf25
      size: 28
  train:
    cmd: python train.py
    deps:
    - path: data/prepared.csv
      md5: 0614507a4754b2bf5e0058bae1febf25
      size: 28
    outs:
    - path: models/tree.pkl
      md5: c6058bf971416926b98a8493ad60b31a
      size: 347
